
Microsoft Visual Studio Solution File, Format Version 12.00
# Visual Studio Version 16
VisualStudioVersion = 16.0.29519.87
MinimumVisualStudioVersion = 10.0.40219.1
Project("{FAE04EC0-301F-11D3-BF4B-00C04F79EFBC}") = "yahtzee part 1", "yahtzee part 1\yahtzee part 1.csproj", "{9BC63830-8FDF-408F-80CA-008A795A204F}"
EndProject
Global
	GlobalSection(SolutionConfigurationPlatforms) = preSolution
		Debug|Any CPU = Debug|Any CPU
		Release|Any CPU = Release|Any CPU
	EndGlobalSection
	GlobalSection(ProjectConfigurationPlatforms) = postSolution
		{9BC63830-8FDF-408F-80CA-008A795A204F}.Debug|Any CPU.ActiveCfg = Debug|Any CPU
		{9BC63830-8FDF-408F-80CA-008A795A204F}.Debug|Any CPU.Build.0 = Debug|Any CPU
		{9BC63830-8FDF-408F-80CA-008A795A204F}.Release|Any CPU.ActiveCfg = Release|Any CPU
		{9BC63830-8FDF-408F-80CA-008A795A204F}.Release|Any CPU.Build.0 = Release|Any CPU
	EndGlobalSection
	GlobalSection(SolutionProperties) = preSolution
		HideSolutionNode = FALSE
	EndGlobalSection
	GlobalSection(ExtensibilityGlobals) = postSolution
		SolutionGuid = {9B18DCC0-4AF9-43EC-811B-E09D709EA5D3}
	EndGlobalSection
EndGlobal
